
Microsoft Visual Studio Solution File, Format Version 12.00
# Visual Studio 2012
Project("{FAE04EC0-301F-11D3-BF4B-00C04F79EFBC}") = "Web", "Web\Web.csproj", "{5723ACC3-2B8B-49E7-91FB-E042ACC61376}"
EndProject
Project("{FAE04EC0-301F-11D3-BF4B-00C04F79EFBC}") = "AcceptanceTests", "AcceptanceTests\AcceptanceTests.csproj", "{649C13AC-144B-44FF-94CB-E561459FC3D8}"
EndProject
Project("{FAE04EC0-301F-11D3-BF4B-00C04F79EFBC}") = "Tests", "Tests\Tests.csproj", "{5F571A51-9CE2-4A65-AF71-1813BC3FEAD7}"
EndProject
Project("{2150E333-8FDC-42A3-9474-1A3956D46DE8}") = ".nuget", ".nuget", "{69159C27-5ABF-4040-9A1E-477DBEBF8AD5}"
	ProjectSection(SolutionItems) = preProject
		.nuget\NuGet.Config = .nuget\NuGet.Config
		.nuget\NuGet.exe = .nuget\NuGet.exe
		.nuget\NuGet.targets = .nuget\NuGet.targets
	EndProjectSection
EndProject
Global
	GlobalSection(SolutionConfigurationPlatforms) = preSolution
		Debug|Any CPU = Debug|Any CPU
		Release|Any CPU = Release|Any CPU
	EndGlobalSection
	GlobalSection(ProjectConfigurationPlatforms) = postSolution
		{5723ACC3-2B8B-49E7-91FB-E042ACC61376}.Debug|Any CPU.ActiveCfg = Debug|Any CPU
		{5723ACC3-2B8B-49E7-91FB-E042ACC61376}.Debug|Any CPU.Build.0 = Debug|Any CPU
		{5723ACC3-2B8B-49E7-91FB-E042ACC61376}.Release|Any CPU.ActiveCfg = Release|Any CPU
		{5723ACC3-2B8B-49E7-91FB-E042ACC61376}.Release|Any CPU.Build.0 = Release|Any CPU
		{649C13AC-144B-44FF-94CB-E561459FC3D8}.Debug|Any CPU.ActiveCfg = Debug|Any CPU
		{649C13AC-144B-44FF-94CB-E561459FC3D8}.Debug|Any CPU.Build.0 = Debug|Any CPU
		{649C13AC-144B-44FF-94CB-E561459FC3D8}.Release|Any CPU.ActiveCfg = Release|Any CPU
		{649C13AC-144B-44FF-94CB-E561459FC3D8}.Release|Any CPU.Build.0 = Release|Any CPU
		{5F571A51-9CE2-4A65-AF71-1813BC3FEAD7}.Debug|Any CPU.ActiveCfg = Debug|Any CPU
		{5F571A51-9CE2-4A65-AF71-1813BC3FEAD7}.Debug|Any CPU.Build.0 = Debug|Any CPU
		{5F571A51-9CE2-4A65-AF71-1813BC3FEAD7}.Release|Any CPU.ActiveCfg = Release|Any CPU
		{5F571A51-9CE2-4A65-AF71-1813BC3FEAD7}.Release|Any CPU.Build.0 = Release|Any CPU
	EndGlobalSection
	GlobalSection(SolutionProperties) = preSolution
		HideSolutionNode = FALSE
	EndGlobalSection
EndGlobal
